// !$*UTF8*$!
{
	archiveVersion = 1;
	classes = {
	};
	objectVersion = 46;
	objects = {

/* Begin PBXBuildFile section */
		2648D0C9137480EF9B2AB7D5 /* Pods_WRWW.framework in Frameworks */ = {isa = PBXBuildFile; fileRef = 35C98A6E8AA34C7DE5AF0DD5 /* Pods_WRWW.framework */; };
		5863386B1D18B7E300279C33 /* ContentUser.swift in Sources */ = {isa = PBXBuildFile; fileRef = 5863386A1D18B7E300279C33 /* ContentUser.swift */; };
		5863386D1D18B90A00279C33 /* ContentUserRepository.swift in Sources */ = {isa = PBXBuildFile; fileRef = 5863386C1D18B90A00279C33 /* ContentUserRepository.swift */; };
		58C3A9741D126864008DC3CF /* AppDelegate.swift in Sources */ = {isa = PBXBuildFile; fileRef = 58C3A9731D126864008DC3CF /* AppDelegate.swift */; };
		58C3A9761D126864008DC3CF /* FirstViewController.swift in Sources */ = {isa = PBXBuildFile; fileRef = 58C3A9751D126864008DC3CF /* FirstViewController.swift */; };
		58C3A9781D126864008DC3CF /* SecondViewController.swift in Sources */ = {isa = PBXBuildFile; fileRef = 58C3A9771D126864008DC3CF /* SecondViewController.swift */; };
		58C3A97B1D126864008DC3CF /* Main.storyboard in Resources */ = {isa = PBXBuildFile; fileRef = 58C3A9791D126864008DC3CF /* Main.storyboard */; };
		58C3A97D1D126864008DC3CF /* Assets.xcassets in Resources */ = {isa = PBXBuildFile; fileRef = 58C3A97C1D126864008DC3CF /* Assets.xcassets */; };
		58C3A9801D126864008DC3CF /* LaunchScreen.storyboard in Resources */ = {isa = PBXBuildFile; fileRef = 58C3A97E1D126864008DC3CF /* LaunchScreen.storyboard */; };
		58C3A9881D1277D4008DC3CF /* Default-568h@2x.png in Resources */ = {isa = PBXBuildFile; fileRef = 58C3A9871D1277D4008DC3CF /* Default-568h@2x.png */; };
/* End PBXBuildFile section */

/* Begin PBXFileReference section */
		35C98A6E8AA34C7DE5AF0DD5 /* Pods_WRWW.framework */ = {isa = PBXFileReference; explicitFileType = wrapper.framework; includeInIndex = 0; path = Pods_WRWW.framework; sourceTree = BUILT_PRODUCTS_DIR; };
		5863386A1D18B7E300279C33 /* ContentUser.swift */ = {isa = PBXFileReference; fileEncoding = 4; lastKnownFileType = sourcecode.swift; path = ContentUser.swift; sourceTree = "<group>"; };
		5863386C1D18B90A00279C33 /* ContentUserRepository.swift */ = {isa = PBXFileReference; fileEncoding = 4; lastKnownFileType = sourcecode.swift; path = ContentUserRepository.swift; sourceTree = "<group>"; };
		58C3A9701D126864008DC3CF /* WRWW.app */ = {isa = PBXFileReference; explicitFileType = wrapper.application; includeInIndex = 0; path = WRWW.app; sourceTree = BUILT_PRODUCTS_DIR; };
		58C3A9731D126864008DC3CF /* AppDelegate.swift */ = {isa = PBXFileReference; lastKnownFileType = sourcecode.swift; path = AppDelegate.swift; sourceTree = "<group>"; };
		58C3A9751D126864008DC3CF /* FirstViewController.swift */ = {isa = PBXFileReference; lastKnownFileType = sourcecode.swift; path = FirstViewController.swift; sourceTree = "<group>"; };
		58C3A9771D126864008DC3CF /* SecondViewController.swift */ = {isa = PBXFileReference; lastKnownFileType = sourcecode.swift; path = SecondViewController.swift; sourceTree = "<group>"; };
		58C3A97A1D126864008DC3CF /* Base */ = {isa = PBXFileReference; lastKnownFileType = file.storyboard; name = Base; path = Base.lproj/Main.storyboard; sourceTree = "<group>"; };
		58C3A97C1D126864008DC3CF /* Assets.xcassets */ = {isa = PBXFileReference; lastKnownFileType = folder.assetcatalog; path = Assets.xcassets; sourceTree = "<group>"; };
		58C3A97F1D126864008DC3CF /* Base */ = {isa = PBXFileReference; lastKnownFileType = file.storyboard; name = Base; path = Base.lproj/LaunchScreen.storyboard; sourceTree = "<group>"; };
		58C3A9811D126864008DC3CF /* Info.plist */ = {isa = PBXFileReference; lastKnownFileType = text.plist.xml; path = Info.plist; sourceTree = "<group>"; };
		58C3A9871D1277D4008DC3CF /* Default-568h@2x.png */ = {isa = PBXFileReference; lastKnownFileType = image.png; path = "Default-568h@2x.png"; sourceTree = "<group>"; };
		B4CE357F32039B3E59ABF22F /* Pods-WRWW.release.xcconfig */ = {isa = PBXFileReference; includeInIndex = 1; lastKnownFileType = text.xcconfig; name = "Pods-WRWW.release.xcconfig"; path = "Pods/Target Support Files/Pods-WRWW/Pods-WRWW.release.xcconfig"; sourceTree = "<group>"; };
		C7AB9827399CA34279DCB793 /* Pods-WRWW.debug.xcconfig */ = {isa = PBXFileReference; includeInIndex = 1; lastKnownFileType = text.xcconfig; name = "Pods-WRWW.debug.xcconfig"; path = "Pods/Target Support Files/Pods-WRWW/Pods-WRWW.debug.xcconfig"; sourceTree = "<group>"; };
/* End PBXFileReference section */

/* Begin PBXFrameworksBuildPhase section */
		58C3A96D1D126864008DC3CF /* Frameworks */ = {
			isa = PBXFrameworksBuildPhase;
			buildActionMask = 2147483647;
			files = (
				2648D0C9137480EF9B2AB7D5 /* Pods_WRWW.framework in Frameworks */,
			);
			runOnlyForDeploymentPostprocessing = 0;
		};
/* End PBXFrameworksBuildPhase section */

/* Begin PBXGroup section */
		0DFC7AE9F776308816A922C7 /* Pods */ = {
			isa = PBXGroup;
			children = (
				C7AB9827399CA34279DCB793 /* Pods-WRWW.debug.xcconfig */,
				B4CE357F32039B3E59ABF22F /* Pods-WRWW.release.xcconfig */,
			);
			name = Pods;
			sourceTree = "<group>";
		};
		586338691D18B7D300279C33 /* api */ = {
			isa = PBXGroup;
			children = (
				5863386A1D18B7E300279C33 /* ContentUser.swift */,
				5863386C1D18B90A00279C33 /* ContentUserRepository.swift */,
			);
			path = api;
			sourceTree = "<group>";
		};
		58C3A9671D126864008DC3CF = {
			isa = PBXGroup;
			children = (
				58C3A9871D1277D4008DC3CF /* Default-568h@2x.png */,
				58C3A9721D126864008DC3CF /* WRWW */,
				58C3A9711D126864008DC3CF /* Products */,
				0DFC7AE9F776308816A922C7 /* Pods */,
				AAC651DAC8265CF86868378A /* Frameworks */,
			);
			sourceTree = "<group>";
		};
		58C3A9711D126864008DC3CF /* Products */ = {
			isa = PBXGroup;
			children = (
				58C3A9701D126864008DC3CF /* WRWW.app */,
			);
			name = Products;
			sourceTree = "<group>";
		};
		58C3A9721D126864008DC3CF /* WRWW */ = {
			isa = PBXGroup;
			children = (
				586338691D18B7D300279C33 /* api */,
				58C3A9731D126864008DC3CF /* AppDelegate.swift */,
				58C3A9751D126864008DC3CF /* FirstViewController.swift */,
				58C3A9771D126864008DC3CF /* SecondViewController.swift */,
				58C3A9791D126864008DC3CF /* Main.storyboard */,
				58C3A97C1D126864008DC3CF /* Assets.xcassets */,
				58C3A97E1D126864008DC3CF /* LaunchScreen.storyboard */,
				58C3A9811D126864008DC3CF /* Info.plist */,
			);
			path = WRWW;
			sourceTree = "<group>";
		};
		AAC651DAC8265CF86868378A /* Frameworks */ = {
			isa = PBXGroup;
			children = (
				35C98A6E8AA34C7DE5AF0DD5 /* Pods_WRWW.framework */,
			);
			name = Frameworks;
			sourceTree = "<group>";
		};
/* End PBXGroup section */

/* Begin PBXNativeTarget section */
		58C3A96F1D126864008DC3CF /* WRWW */ = {
			isa = PBXNativeTarget;
			buildConfigurationList = 58C3A9841D126864008DC3CF /* Build configuration list for PBXNativeTarget "WRWW" */;
			buildPhases = (
				392FCAF9F016FF5A77BD9667 /* [CP] Check Pods Manifest.lock */,
				58C3A96C1D126864008DC3CF /* Sources */,
				58C3A96D1D126864008DC3CF /* Frameworks */,
				58C3A96E1D126864008DC3CF /* Resources */,
				6E60081536E874CFE52B6073 /* [CP] Embed Pods Frameworks */,
				FD08716936B77846CCE3A1DD /* [CP] Copy Pods Resources */,
			);
			buildRules = (
			);
			dependencies = (
			);
			name = WRWW;
			productName = WRWW;
			productReference = 58C3A9701D126864008DC3CF /* WRWW.app */;
			productType = "com.apple.product-type.application";
		};
/* End PBXNativeTarget section */

/* Begin PBXProject section */
		58C3A9681D126864008DC3CF /* Project object */ = {
			isa = PBXProject;
			attributes = {
				LastSwiftUpdateCheck = 0730;
				LastUpgradeCheck = 0730;
				ORGANIZATIONNAME = WRWW;
				TargetAttributes = {
					58C3A96F1D126864008DC3CF = {
						CreatedOnToolsVersion = 7.3;
					};
				};
			};
			buildConfigurationList = 58C3A96B1D126864008DC3CF /* Build configuration list for PBXProject "WRWW" */;
			compatibilityVersion = "Xcode 3.2";
			developmentRegion = English;
			hasScannedForEncodings = 0;
			knownRegions = (
				en,
				Base,
			);
			mainGroup = 58C3A9671D126864008DC3CF;
			productRefGroup = 58C3A9711D126864008DC3CF /* Products */;
			projectDirPath = "";
			projectRoot = "";
			targets = (
				58C3A96F1D126864008DC3CF /* WRWW */,
			);
		};
/* End PBXProject section */

/* Begin PBXResourcesBuildPhase section */
		58C3A96E1D126864008DC3CF /* Resources */ = {
			isa = PBXResourcesBuildPhase;
			buildActionMask = 2147483647;
			files = (
				58C3A9801D126864008DC3CF /* LaunchScreen.storyboard in Resources */,
				58C3A9881D1277D4008DC3CF /* Default-568h@2x.png in Resources */,
				58C3A97D1D126864008DC3CF /* Assets.xcassets in Resources */,
				58C3A97B1D126864008DC3CF /* Main.storyboard in Resources */,
			);
			runOnlyForDeploymentPostprocessing = 0;
		};
/* End PBXResourcesBuildPhase section */

/* Begin PBXShellScriptBuildPhase section */
		392FCAF9F016FF5A77BD9667 /* [CP] Check Pods Manifest.lock */ = {
			isa = PBXShellScriptBuildPhase;
			buildActionMask = 2147483647;
			files = (
			);
			inputPaths = (
			);
			name = "[CP] Check Pods Manifest.lock";
			outputPaths = (
			);
			runOnlyForDeploymentPostprocessing = 0;
			shellPath = /bin/sh;
			shellScript = "diff \"${PODS_ROOT}/../Podfile.lock\" \"${PODS_ROOT}/Manifest.lock\" > /dev/null\nif [[ $? != 0 ]] ; then\n    cat << EOM\nerror: The sandbox is not in sync with the Podfile.lock. Run 'pod install' or update your CocoaPods installation.\nEOM\n    exit 1\nfi\n";
			showEnvVarsInLog = 0;
		};
		6E60081536E874CFE52B6073 /* [CP] Embed Pods Frameworks */ = {
			isa = PBXShellScriptBuildPhase;
			buildActionMask = 2147483647;
			files = (
			);
			inputPaths = (
			);
			name = "[CP] Embed Pods Frameworks";
			outputPaths = (
			);
			runOnlyForDeploymentPostprocessing = 0;
			shellPath = /bin/sh;
			shellScript = "\"${SRCROOT}/Pods/Target Support Files/Pods-WRWW/Pods-WRWW-frameworks.sh\"\n";
			showEnvVarsInLog = 0;
		};
		FD08716936B77846CCE3A1DD /* [CP] Copy Pods Resources */ = {
			isa = PBXShellScriptBuildPhase;
			buildActionMask = 2147483647;
			files = (
			);
			inputPaths = (
			);
			name = "[CP] Copy Pods Resources";
			outputPaths = (
			);
			runOnlyForDeploymentPostprocessing = 0;
			shellPath = /bin/sh;
			shellScript = "\"${SRCROOT}/Pods/Target Support Files/Pods-WRWW/Pods-WRWW-resources.sh\"\n";
			showEnvVarsInLog = 0;
		};
/* End PBXShellScriptBuildPhase section */

/* Begin PBXSourcesBuildPhase section */
		58C3A96C1D126864008DC3CF /* Sources */ = {
			isa = PBXSourcesBuildPhase;
			buildActionMask = 2147483647;
			files = (
				58C3A9781D126864008DC3CF /* SecondViewController.swift in Sources */,
				58C3A9741D126864008DC3CF /* AppDelegate.swift in Sources */,
				5863386B1D18B7E300279C33 /* ContentUser.swift in Sources */,
				5863386D1D18B90A00279C33 /* ContentUserRepository.swift in Sources */,
				58C3A9761D126864008DC3CF /* FirstViewController.swift in Sources */,
			);
			runOnlyForDeploymentPostprocessing = 0;
		};
/* End PBXSourcesBuildPhase section */

/* Begin PBXVariantGroup section */
		58C3A9791D126864008DC3CF /* Main.storyboard */ = {
			isa = PBXVariantGroup;
			children = (
				58C3A97A1D126864008DC3CF /* Base */,
			);
			name = Main.storyboard;
			sourceTree = "<group>";
		};
		58C3A97E1D126864008DC3CF /* LaunchScreen.storyboard */ = {
			isa = PBXVariantGroup;
			children = (
				58C3A97F1D126864008DC3CF /* Base */,
			);
			name = LaunchScreen.storyboard;
			sourceTree = "<group>";
		};
/* End PBXVariantGroup section */

/* Begin XCBuildConfiguration section */
		58C3A9821D126864008DC3CF /* Debug */ = {
			isa = XCBuildConfiguration;
			buildSettings = {
				ALWAYS_SEARCH_USER_PATHS = NO;
				CLANG_ANALYZER_NONNULL = YES;
				CLANG_CXX_LANGUAGE_STANDARD = "gnu++0x";
				CLANG_CXX_LIBRARY = "libc++";
				CLANG_ENABLE_MODULES = YES;
				CLANG_ENABLE_OBJC_ARC = YES;
				CLANG_WARN_BOOL_CONVERSION = YES;
				CLANG_WARN_CONSTANT_CONVERSION = YES;
				CLANG_WARN_DIRECT_OBJC_ISA_USAGE = YES_ERROR;
				CLANG_WARN_EMPTY_BODY = YES;
				CLANG_WARN_ENUM_CONVERSION = YES;
				CLANG_WARN_INT_CONVERSION = YES;
				CLANG_WARN_OBJC_ROOT_CLASS = YES_ERROR;
				CLANG_WARN_UNREACHABLE_CODE = YES;
				CLANG_WARN__DUPLICATE_METHOD_MATCH = YES;
				"CODE_SIGN_IDENTITY[sdk=iphoneos*]" = "iPhone Developer";
				COPY_PHASE_STRIP = NO;
				DEBUG_INFORMATION_FORMAT = dwarf;
				ENABLE_STRICT_OBJC_MSGSEND = YES;
				ENABLE_TESTABILITY = YES;
				GCC_C_LANGUAGE_STANDARD = gnu99;
				GCC_DYNAMIC_NO_PIC = NO;
				GCC_NO_COMMON_BLOCKS = YES;
				GCC_OPTIMIZATION_LEVEL = 0;
				GCC_PREPROCESSOR_DEFINITIONS = (
					"DEBUG=1",
					"$(inherited)",
				);
				GCC_WARN_64_TO_32_BIT_CONVERSION = YES;
				GCC_WARN_ABOUT_RETURN_TYPE = YES_ERROR;
				GCC_WARN_UNDECLARED_SELECTOR = YES;
				GCC_WARN_UNINITIALIZED_AUTOS = YES_AGGRESSIVE;
				GCC_WARN_UNUSED_FUNCTION = YES;
				GCC_WARN_UNUSED_VARIABLE = YES;
				IPHONEOS_DEPLOYMENT_TARGET = 9.3;
				MTL_ENABLE_DEBUG_INFO = YES;
				ONLY_ACTIVE_ARCH = YES;
				SDKROOT = iphoneos;
				SWIFT_OPTIMIZATION_LEVEL = "-Onone";
				TARGETED_DEVICE_FAMILY = "1,2";
			};
			name = Debug;
		};
		58C3A9831D126864008DC3CF /* Release */ = {
			isa = XCBuildConfiguration;
			buildSettings = {
				ALWAYS_SEARCH_USER_PATHS = NO;
				CLANG_ANALYZER_NONNULL = YES;
				CLANG_CXX_LANGUAGE_STANDARD = "gnu++0x";
				CLANG_CXX_LIBRARY = "libc++";
				CLANG_ENABLE_MODULES = YES;
				CLANG_ENABLE_OBJC_ARC = YES;
				CLANG_WARN_BOOL_CONVERSION = YES;
				CLANG_WARN_CONSTANT_CONVERSION = YES;
				CLANG_WARN_DIRECT_OBJC_ISA_USAGE = YES_ERROR;
				CLANG_WARN_EMPTY_BODY = YES;
				CLANG_WARN_ENUM_CONVERSION = YES;
				CLANG_WARN_INT_CONVERSION = YES;
				CLANG_WARN_OBJC_ROOT_CLASS = YES_ERROR;
				CLANG_WARN_UNREACHABLE_CODE = YES;
				CLANG_WARN__DUPLICATE_METHOD_MATCH = YES;
				"CODE_SIGN_IDENTITY[sdk=iphoneos*]" = "iPhone Developer";
				COPY_PHASE_STRIP = NO;
				DEBUG_INFORMATION_FORMAT = "dwarf-with-dsym";
				ENABLE_NS_ASSERTIONS = NO;
				ENABLE_STRICT_OBJC_MSGSEND = YES;
				GCC_C_LANGUAGE_STANDARD = gnu99;
				GCC_NO_COMMON_BLOCKS = YES;
				GCC_WARN_64_TO_32_BIT_CONVERSION = YES;
				GCC_WARN_ABOUT_RETURN_TYPE = YES_ERROR;
				GCC_WARN_UNDECLARED_SELECTOR = YES;
				GCC_WARN_UNINITIALIZED_AUTOS = YES_AGGRESSIVE;
				GCC_WARN_UNUSED_FUNCTION = YES;
				GCC_WARN_UNUSED_VARIABLE = YES;
				IPHONEOS_DEPLOYMENT_TARGET = 9.3;
				MTL_ENABLE_DEBUG_INFO = NO;
				SDKROOT = iphoneos;
				TARGETED_DEVICE_FAMILY = "1,2";
				VALIDATE_PRODUCT = YES;
			};
			name = Release;
		};
		58C3A9851D126864008DC3CF /* Debug */ = {
			isa = XCBuildConfiguration;
			baseConfigurationReference = C7AB9827399CA34279DCB793 /* Pods-WRWW.debug.xcconfig */;
			buildSettings = {
				ASSETCATALOG_COMPILER_APPICON_NAME = AppIcon;
				INFOPLIST_FILE = WRWW/Info.plist;
				LD_RUNPATH_SEARCH_PATHS = "$(inherited) @executable_path/Frameworks";
				PRODUCT_BUNDLE_IDENTIFIER = me.pich.WRWW;
				PRODUCT_NAME = "$(TARGET_NAME)";
			};
			name = Debug;
		};
		58C3A9861D126864008DC3CF /* Release */ = {
			isa = XCBuildConfiguration;
			baseConfigurationReference = B4CE357F32039B3E59ABF22F /* Pods-WRWW.release.xcconfig */;
			buildSettings = {
				ASSETCATALOG_COMPILER_APPICON_NAME = AppIcon;
				INFOPLIST_FILE = WRWW/Info.plist;
				LD_RUNPATH_SEARCH_PATHS = "$(inherited) @executable_path/Frameworks";
				PRODUCT_BUNDLE_IDENTIFIER = me.pich.WRWW;
				PRODUCT_NAME = "$(TARGET_NAME)";
			};
			name = Release;
		};
/* End XCBuildConfiguration section */

/* Begin XCConfigurationList section */
		58C3A96B1D126864008DC3CF /* Build configuration list for PBXProject "WRWW" */ = {
			isa = XCConfigurationList;
			buildConfigurations = (
				58C3A9821D126864008DC3CF /* Debug */,
				58C3A9831D126864008DC3CF /* Release */,
			);
			defaultConfigurationIsVisible = 0;
			defaultConfigurationName = Release;
		};
		58C3A9841D126864008DC3CF /* Build configuration list for PBXNativeTarget "WRWW" */ = {
			isa = XCConfigurationList;
			buildConfigurations = (
				58C3A9851D126864008DC3CF /* Debug */,
				58C3A9861D126864008DC3CF /* Release */,
			);
			defaultConfigurationIsVisible = 0;
			defaultConfigurationName = Release;
		};
/* End XCConfigurationList section */
	};
	rootObject = 58C3A9681D126864008DC3CF /* Project object */;
}
